
Microsoft Visual Studio Solution File, Format Version 12.00
# Visual Studio Version 16
VisualStudioVersion = 16.0.31005.135
MinimumVisualStudioVersion = 10.0.40219.1
Project("{2150E333-8FDC-42A3-9474-1A3956D46DE8}") = "Domain", "Domain", "{83C2C913-87C0-4DF7-9178-0F45F13BC751}"
EndProject
Project("{9A19103F-16F7-4668-BE54-9A1E7A4F7556}") = "Domain", "Domain\Domain.csproj", "{EF0BA15D-C6D6-4B2F-B049-F164B5D9A792}"
EndProject
Project("{2150E333-8FDC-42A3-9474-1A3956D46DE8}") = "Infrastructure", "Infrastructure", "{C4D858C3-0B32-4F17-BBDE-9DE35DD7D5D6}"
EndProject
Project("{9A19103F-16F7-4668-BE54-9A1E7A4F7556}") = "Infrastructure", "Infrastructure\Infrastructure.csproj", "{EFDB4F47-EF2B-4D88-9205-C68756847512}"
EndProject
Project("{2150E333-8FDC-42A3-9474-1A3956D46DE8}") = "Application", "Application", "{D16CBD6B-99E7-4221-A644-D1D313658568}"
EndProject
Project("{9A19103F-16F7-4668-BE54-9A1E7A4F7556}") = "Application", "Application\Application.csproj", "{9321C974-75D0-49B7-916D-15ADB7DA877B}"
EndProject
Project("{9A19103F-16F7-4668-BE54-9A1E7A4F7556}") = "API", "API\API.csproj", "{04A6E0C7-6D8D-43D6-8F65-CD90BA6F689B}"
EndProject
Project("{9A19103F-16F7-4668-BE54-9A1E7A4F7556}") = "Tests", "Tests\Tests.csproj", "{7E386F95-C6DD-430B-85C9-A25DB906B2DB}"
EndProject
Global
	GlobalSection(SolutionConfigurationPlatforms) = preSolution
		Debug|Any CPU = Debug|Any CPU
		Release|Any CPU = Release|Any CPU
	EndGlobalSection
	GlobalSection(ProjectConfigurationPlatforms) = postSolution
		{EF0BA15D-C6D6-4B2F-B049-F164B5D9A792}.Debug|Any CPU.ActiveCfg = Debug|Any CPU
		{EF0BA15D-C6D6-4B2F-B049-F164B5D9A792}.Debug|Any CPU.Build.0 = Debug|Any CPU
		{EF0BA15D-C6D6-4B2F-B049-F164B5D9A792}.Release|Any CPU.ActiveCfg = Release|Any CPU
		{EF0BA15D-C6D6-4B2F-B049-F164B5D9A792}.Release|Any CPU.Build.0 = Release|Any CPU
		{EFDB4F47-EF2B-4D88-9205-C68756847512}.Debug|Any CPU.ActiveCfg = Debug|Any CPU
		{EFDB4F47-EF2B-4D88-9205-C68756847512}.Debug|Any CPU.Build.0 = Debug|Any CPU
		{EFDB4F47-EF2B-4D88-9205-C68756847512}.Release|Any CPU.ActiveCfg = Release|Any CPU
		{EFDB4F47-EF2B-4D88-9205-C68756847512}.Release|Any CPU.Build.0 = Release|Any CPU
		{9321C974-75D0-49B7-916D-15ADB7DA877B}.Debug|Any CPU.ActiveCfg = Debug|Any CPU
		{9321C974-75D0-49B7-916D-15ADB7DA877B}.Debug|Any CPU.Build.0 = Debug|Any CPU
		{9321C974-75D0-49B7-916D-15ADB7DA877B}.Release|Any CPU.ActiveCfg = Release|Any CPU
		{9321C974-75D0-49B7-916D-15ADB7DA877B}.Release|Any CPU.Build.0 = Release|Any CPU
		{04A6E0C7-6D8D-43D6-8F65-CD90BA6F689B}.Debug|Any CPU.ActiveCfg = Debug|Any CPU
		{04A6E0C7-6D8D-43D6-8F65-CD90BA6F689B}.Debug|Any CPU.Build.0 = Debug|Any CPU
		{04A6E0C7-6D8D-43D6-8F65-CD90BA6F689B}.Release|Any CPU.ActiveCfg = Release|Any CPU
		{04A6E0C7-6D8D-43D6-8F65-CD90BA6F689B}.Release|Any CPU.Build.0 = Release|Any CPU
		{7E386F95-C6DD-430B-85C9-A25DB906B2DB}.Debug|Any CPU.ActiveCfg = Debug|Any CPU
		{7E386F95-C6DD-430B-85C9-A25DB906B2DB}.Debug|Any CPU.Build.0 = Debug|Any CPU
		{7E386F95-C6DD-430B-85C9-A25DB906B2DB}.Release|Any CPU.ActiveCfg = Release|Any CPU
		{7E386F95-C6DD-430B-85C9-A25DB906B2DB}.Release|Any CPU.Build.0 = Release|Any CPU
	EndGlobalSection
	GlobalSection(SolutionProperties) = preSolution
		HideSolutionNode = FALSE
	EndGlobalSection
	GlobalSection(NestedProjects) = preSolution
		{EF0BA15D-C6D6-4B2F-B049-F164B5D9A792} = {83C2C913-87C0-4DF7-9178-0F45F13BC751}
		{EFDB4F47-EF2B-4D88-9205-C68756847512} = {C4D858C3-0B32-4F17-BBDE-9DE35DD7D5D6}
		{9321C974-75D0-49B7-916D-15ADB7DA877B} = {D16CBD6B-99E7-4221-A644-D1D313658568}
	EndGlobalSection
	GlobalSection(ExtensibilityGlobals) = postSolution
		SolutionGuid = {AA959C72-97DB-4F2B-BFBB-1AFB9460E4BD}
	EndGlobalSection
EndGlobal
